
Microsoft Visual Studio Solution File, Format Version 12.00
# Visual Studio Version 16
VisualStudioVersion = 16.0.31911.196
MinimumVisualStudioVersion = 10.0.40219.1
Project("{FAE04EC0-301F-11D3-BF4B-00C04F79EFBC}") = "Neo4j", "Neo4j\Neo4j.csproj", "{86F4BD15-045A-47E2-AEE7-FE6A824464AA}"
EndProject
Global
	GlobalSection(SolutionConfigurationPlatforms) = preSolution
		Debug|Any CPU = Debug|Any CPU
		Release|Any CPU = Release|Any CPU
	EndGlobalSection
	GlobalSection(ProjectConfigurationPlatforms) = postSolution
		{86F4BD15-045A-47E2-AEE7-FE6A824464AA}.Debug|Any CPU.ActiveCfg = Debug|Any CPU
		{86F4BD15-045A-47E2-AEE7-FE6A824464AA}.Debug|Any CPU.Build.0 = Debug|Any CPU
		{86F4BD15-045A-47E2-AEE7-FE6A824464AA}.Release|Any CPU.ActiveCfg = Release|Any CPU
		{86F4BD15-045A-47E2-AEE7-FE6A824464AA}.Release|Any CPU.Build.0 = Release|Any CPU
	EndGlobalSection
	GlobalSection(SolutionProperties) = preSolution
		HideSolutionNode = FALSE
	EndGlobalSection
	GlobalSection(ExtensibilityGlobals) = postSolution
		SolutionGuid = {E97D1238-A0D8-4942-8DFA-EFC415116CEA}
	EndGlobalSection
EndGlobal
